
Microsoft Visual Studio Solution File, Format Version 12.00
# Visual Studio Version 17
VisualStudioVersion = 17.13.35806.99 d17.13
MinimumVisualStudioVersion = 10.0.40219.1
Project("{FAE04EC0-301F-11D3-BF4B-00C04F79EFBC}") = "ConsoleApp41", "ConsoleApp41\ConsoleApp41.csproj", "{58F5E043-1EE2-4832-A986-597818C789E5}"
EndProject
Global
	GlobalSection(SolutionConfigurationPlatforms) = preSolution
		Debug|Any CPU = Debug|Any CPU
		Release|Any CPU = Release|Any CPU
	EndGlobalSection
	GlobalSection(ProjectConfigurationPlatforms) = postSolution
		{58F5E043-1EE2-4832-A986-597818C789E5}.Debug|Any CPU.ActiveCfg = Debug|Any CPU
		{58F5E043-1EE2-4832-A986-597818C789E5}.Debug|Any CPU.Build.0 = Debug|Any CPU
		{58F5E043-1EE2-4832-A986-597818C789E5}.Release|Any CPU.ActiveCfg = Release|Any CPU
		{58F5E043-1EE2-4832-A986-597818C789E5}.Release|Any CPU.Build.0 = Release|Any CPU
	EndGlobalSection
	GlobalSection(SolutionProperties) = preSolution
		HideSolutionNode = FALSE
	EndGlobalSection
	GlobalSection(ExtensibilityGlobals) = postSolution
		SolutionGuid = {1ADE4674-147F-48DC-995A-8AD0E3052457}
	EndGlobalSection
EndGlobal
